
Microsoft Visual Studio Solution File, Format Version 12.00
# Visual Studio Version 16
VisualStudioVersion = 16.0.30413.136
MinimumVisualStudioVersion = 10.0.40219.1
Project("{9A19103F-16F7-4668-BE54-9A1E7A4F7556}") = "Templ.Converters", "Templ.Converters\Templ.Converters.csproj", "{8698AA8B-8445-44A5-80D5-14A29F33F8AD}"
EndProject
Project("{FAE04EC0-301F-11D3-BF4B-00C04F79EFBC}") = "Temple.Converters.Tests", "Temple.Converters.Tests\Temple.Converters.Tests.csproj", "{F0146685-624A-445A-BAA4-75C8C31E7B9E}"
EndProject
Global
	GlobalSection(SolutionConfigurationPlatforms) = preSolution
		Debug|Any CPU = Debug|Any CPU
		Release|Any CPU = Release|Any CPU
	EndGlobalSection
	GlobalSection(ProjectConfigurationPlatforms) = postSolution
		{8698AA8B-8445-44A5-80D5-14A29F33F8AD}.Debug|Any CPU.ActiveCfg = Debug|Any CPU
		{8698AA8B-8445-44A5-80D5-14A29F33F8AD}.Debug|Any CPU.Build.0 = Debug|Any CPU
		{8698AA8B-8445-44A5-80D5-14A29F33F8AD}.Release|Any CPU.ActiveCfg = Release|Any CPU
		{8698AA8B-8445-44A5-80D5-14A29F33F8AD}.Release|Any CPU.Build.0 = Release|Any CPU
		{F0146685-624A-445A-BAA4-75C8C31E7B9E}.Debug|Any CPU.ActiveCfg = Debug|Any CPU
		{F0146685-624A-445A-BAA4-75C8C31E7B9E}.Debug|Any CPU.Build.0 = Debug|Any CPU
		{F0146685-624A-445A-BAA4-75C8C31E7B9E}.Release|Any CPU.ActiveCfg = Release|Any CPU
		{F0146685-624A-445A-BAA4-75C8C31E7B9E}.Release|Any CPU.Build.0 = Release|Any CPU
	EndGlobalSection
	GlobalSection(SolutionProperties) = preSolution
		HideSolutionNode = FALSE
	EndGlobalSection
	GlobalSection(ExtensibilityGlobals) = postSolution
		SolutionGuid = {B08E8126-14E9-453A-9B40-32DD7E23F8ED}
	EndGlobalSection
EndGlobal
